Microsoft Visual Studio Solution File, Format Version 12.00
# Visual Studio Version 17
Project("{FAE04EC0-301F-11D3-BF4B-00C04F79EFBC}") = "SellApp", "src\SellApp.net\SellApp.net.csproj", "{C11813A0-D5D2-4D75-9008-C889AC9DE701}"
EndProject
Project("{FAE04EC0-301F-11D3-BF4B-00C04F79EFBC}") = "SellAppTests", "test\SellAppTests\SellAppTests.csproj", "{8A87C609-3257-40D8-ABF8-4A57AA0F8409}"
EndProject
Global
  GlobalSection(SolutionConfigurationPlatforms) = preSolution
    Debug|Any CPU = Debug|Any CPU
    Release|Any CPU = Release|Any CPU
  EndGlobalSection
  GlobalSection(ProjectConfigurationPlatforms) = postSolution
    {C11813A0-D5D2-4D75-9008-C889AC9DE701}.Debug|Any CPU.ActiveCfg = Debug|Any CPU
    {C11813A0-D5D2-4D75-9008-C889AC9DE701}.Debug|Any CPU.Build.0 = Debug|Any CPU
    {C11813A0-D5D2-4D75-9008-C889AC9DE701}.Release|Any CPU.ActiveCfg = Release|Any CPU
    {C11813A0-D5D2-4D75-9008-C889AC9DE701}.Release|Any CPU.Build.0 = Release|Any CPU
    {8A87C609-3257-40D8-ABF8-4A57AA0F8409}.Debug|Any CPU.ActiveCfg = Debug|Any CPU
    {8A87C609-3257-40D8-ABF8-4A57AA0F8409}.Debug|Any CPU.Build.0 = Debug|Any CPU
    {8A87C609-3257-40D8-ABF8-4A57AA0F8409}.Release|Any CPU.ActiveCfg = Release|Any CPU
    {8A87C609-3257-40D8-ABF8-4A57AA0F8409}.Release|Any CPU.Build.0 = Release|Any CPU
  EndGlobalSection
EndGlobal
